// !$*UTF8*$!
{
	archiveVersion = 1;
	classes = {
	};
	objectVersion = 52;
	objects = {

/* Begin PBXBuildFile section */
		DDF293DF271E25200024DB39 /* AppDelegate.swift in Sources */ = {isa = PBXBuildFile; fileRef = DDF293DE271E25200024DB39 /* AppDelegate.swift */; };
		DDF293E1271E25200024DB39 /* SceneDelegate.swift in Sources */ = {isa = PBXBuildFile; fileRef = DDF293E0271E25200024DB39 /* SceneDelegate.swift */; };
		DDF293E6271E25200024DB39 /* TrendMain.storyboard in Resources */ = {isa = PBXBuildFile; fileRef = DDF293E4271E25200024DB39 /* TrendMain.storyboard */; };
		DDF293E8271E25210024DB39 /* Assets.xcassets in Resources */ = {isa = PBXBuildFile; fileRef = DDF293E7271E25210024DB39 /* Assets.xcassets */; };
		DDF293EB271E25210024DB39 /* LaunchScreen.storyboard in Resources */ = {isa = PBXBuildFile; fileRef = DDF293E9271E25210024DB39 /* LaunchScreen.storyboard */; };
		DDF293F4271E26830024DB39 /* TrendMainViewController.swift in Sources */ = {isa = PBXBuildFile; fileRef = DDF293F3271E26830024DB39 /* TrendMainViewController.swift */; };
		DDF293F7271E2C080024DB39 /* TrendMainTableViewCell.swift in Sources */ = {isa = PBXBuildFile; fileRef = DDF293F6271E2C080024DB39 /* TrendMainTableViewCell.swift */; };
		DDF293FD271E36DF0024DB39 /* HorizontalPaddedLabel.swift in Sources */ = {isa = PBXBuildFile; fileRef = DDF293FC271E36DF0024DB39 /* HorizontalPaddedLabel.swift */; };
		DDF29410271EAA400024DB39 /* TvShowManager.swift in Sources */ = {isa = PBXBuildFile; fileRef = DDF2940F271EAA3F0024DB39 /* TvShowManager.swift */; };
		DDF29412271EAA840024DB39 /* TvShow.swift in Sources */ = {isa = PBXBuildFile; fileRef = DDF29411271EAA840024DB39 /* TvShow.swift */; };
		DDF29416271EC44F0024DB39 /* Search.storyboard in Resources */ = {isa = PBXBuildFile; fileRef = DDF29415271EC44F0024DB39 /* Search.storyboard */; };
		DDF29418271EC45C0024DB39 /* SearchViewController.swift in Sources */ = {isa = PBXBuildFile; fileRef = DDF29417271EC45C0024DB39 /* SearchViewController.swift */; };
		DDF2941D271EC79E0024DB39 /* SearchResultTableViewCell.swift in Sources */ = {isa = PBXBuildFile; fileRef = DDF2941B271EC79E0024DB39 /* SearchResultTableViewCell.swift */; };
		DDF2941E271EC79E0024DB39 /* SearchResultTableViewCell.xib in Resources */ = {isa = PBXBuildFile; fileRef = DDF2941C271EC79E0024DB39 /* SearchResultTableViewCell.xib */; };
		DDF29423271ED6200024DB39 /* Casting.storyboard in Resources */ = {isa = PBXBuildFile; fileRef = DDF29422271ED6200024DB39 /* Casting.storyboard */; };
		DDF29426271ED6430024DB39 /* CastingTableViewCell.swift in Sources */ = {isa = PBXBuildFile; fileRef = DDF29424271ED6430024DB39 /* CastingTableViewCell.swift */; };
		DDF29427271ED6430024DB39 /* CastingTableViewCell.xib in Resources */ = {isa = PBXBuildFile; fileRef = DDF29425271ED6430024DB39 /* CastingTableViewCell.xib */; };
		DDF2942C271EDCEA0024DB39 /* CastingViewController.swift in Sources */ = {isa = PBXBuildFile; fileRef = DDF2942B271EDCEA0024DB39 /* CastingViewController.swift */; };
		DDF29431271FDC1D0024DB39 /* Kingfisher in Frameworks */ = {isa = PBXBuildFile; productRef = DDF29430271FDC1D0024DB39 /* Kingfisher */; };
/* End PBXBuildFile section */

/* Begin PBXFileReference section */
		DDF293DB271E25200024DB39 /* MediaTrend.app */ = {isa = PBXFileReference; explicitFileType = wrapper.application; includeInIndex = 0; path = MediaTrend.app; sourceTree = BUILT_PRODUCTS_DIR; };
		DDF293DE271E25200024DB39 /* AppDelegate.swift */ = {isa = PBXFileReference; lastKnownFileType = sourcecode.swift; path = AppDelegate.swift; sourceTree = "<group>"; };
		DDF293E0271E25200024DB39 /* SceneDelegate.swift */ = {isa = PBXFileReference; lastKnownFileType = sourcecode.swift; path = SceneDelegate.swift; sourceTree = "<group>"; };
		DDF293E5271E25200024DB39 /* Base */ = {isa = PBXFileReference; lastKnownFileType = file.storyboard; name = Base; path = Base.lproj/TrendMain.storyboard; sourceTree = "<group>"; };
		DDF293E7271E25210024DB39 /* Assets.xcassets */ = {isa = PBXFileReference; lastKnownFileType = folder.assetcatalog; path = Assets.xcassets; sourceTree = "<group>"; };
		DDF293EA271E25210024DB39 /* Base */ = {isa = PBXFileReference; lastKnownFileType = file.storyboard; name = Base; path = Base.lproj/LaunchScreen.storyboard; sourceTree = "<group>"; };
		DDF293EC271E25210024DB39 /* Info.plist */ = {isa = PBXFileReference; lastKnownFileType = text.plist.xml; path = Info.plist; sourceTree = "<group>"; };
		DDF293F3271E26830024DB39 /* TrendMainViewController.swift */ = {isa = PBXFileReference; lastKnownFileType = sourcecode.swift; path = TrendMainViewController.swift; sourceTree = "<group>"; };
		DDF293F6271E2C080024DB39 /* TrendMainTableViewCell.swift */ = {isa = PBXFileReference; lastKnownFileType = sourcecode.swift; path = TrendMainTableViewCell.swift; sourceTree = "<group>"; };
		DDF293FC271E36DF0024DB39 /* HorizontalPaddedLabel.swift */ = {isa = PBXFileReference; lastKnownFileType = sourcecode.swift; path = HorizontalPaddedLabel.swift; sourceTree = "<group>"; };
		DDF2940F271EAA3F0024DB39 /* TvShowManager.swift */ = {isa = PBXFileReference; lastKnownFileType = sourcecode.swift; path = TvShowManager.swift; sourceTree = "<group>"; };
		DDF29411271EAA840024DB39 /* TvShow.swift */ = {isa = PBXFileReference; lastKnownFileType = sourcecode.swift; path = TvShow.swift; sourceTree = "<group>"; };
		DDF29415271EC44F0024DB39 /* Search.storyboard */ = {isa = PBXFileReference; lastKnownFileType = file.storyboard; path = Search.storyboard; sourceTree = "<group>"; };
		DDF29417271EC45C0024DB39 /* SearchViewController.swift */ = {isa = PBXFileReference; lastKnownFileType = sourcecode.swift; path = SearchViewController.swift; sourceTree = "<group>"; };
		DDF2941B271EC79E0024DB39 /* SearchResultTableViewCell.swift */ = {isa = PBXFileReference; lastKnownFileType = sourcecode.swift; path = SearchResultTableViewCell.swift; sourceTree = "<group>"; };
		DDF2941C271EC79E0024DB39 /* SearchResultTableViewCell.xib */ = {isa = PBXFileReference; lastKnownFileType = file.xib; path = SearchResultTableViewCell.xib; sourceTree = "<group>"; };
		DDF29422271ED6200024DB39 /* Casting.storyboard */ = {isa = PBXFileReference; lastKnownFileType = file.storyboard; path = Casting.storyboard; sourceTree = "<group>"; };
		DDF29424271ED6430024DB39 /* CastingTableViewCell.swift */ = {isa = PBXFileReference; lastKnownFileType = sourcecode.swift; path = CastingTableViewCell.swift; sourceTree = "<group>"; };
		DDF29425271ED6430024DB39 /* CastingTableViewCell.xib */ = {isa = PBXFileReference; lastKnownFileType = file.xib; path = CastingTableViewCell.xib; sourceTree = "<group>"; };
		DDF2942B271EDCEA0024DB39 /* CastingViewController.swift */ = {isa = PBXFileReference; lastKnownFileType = sourcecode.swift; path = CastingViewController.swift; sourceTree = "<group>"; };
/* End PBXFileReference section */

/* Begin PBXFrameworksBuildPhase section */
		DDF293D8271E25200024DB39 /* Frameworks */ = {
			isa = PBXFrameworksBuildPhase;
			buildActionMask = 2147483647;
			files = (
				DDF29431271FDC1D0024DB39 /* Kingfisher in Frameworks */,
			);
			runOnlyForDeploymentPostprocessing = 0;
		};
/* End PBXFrameworksBuildPhase section */

/* Begin PBXGroup section */
		DDF293D2271E25200024DB39 = {
			isa = PBXGroup;
			children = (
				DDF293DD271E25200024DB39 /* MediaTrend */,
				DDF293DC271E25200024DB39 /* Products */,
			);
			sourceTree = "<group>";
		};
		DDF293DC271E25200024DB39 /* Products */ = {
			isa = PBXGroup;
			children = (
				DDF293DB271E25200024DB39 /* MediaTrend.app */,
			);
			name = Products;
			sourceTree = "<group>";
		};
		DDF293DD271E25200024DB39 /* MediaTrend */ = {
			isa = PBXGroup;
			children = (
				DDF29421271ED5D00024DB39 /* Global */,
				DDF293F5271E26880024DB39 /* Screen */,
				DDF293F2271E252D0024DB39 /* Support */,
			);
			path = MediaTrend;
			sourceTree = "<group>";
		};
		DDF293F2271E252D0024DB39 /* Support */ = {
			isa = PBXGroup;
			children = (
				DDF293DE271E25200024DB39 /* AppDelegate.swift */,
				DDF293E0271E25200024DB39 /* SceneDelegate.swift */,
				DDF293E7271E25210024DB39 /* Assets.xcassets */,
				DDF293EC271E25210024DB39 /* Info.plist */,
				DDF293E9271E25210024DB39 /* LaunchScreen.storyboard */,
			);
			path = Support;
			sourceTree = "<group>";
		};
		DDF293F5271E26880024DB39 /* Screen */ = {
			isa = PBXGroup;
			children = (
				DDF29420271ED4A80024DB39 /* Casting */,
				DDF29414271EC43D0024DB39 /* TrendMain */,
				DDF29413271EC4320024DB39 /* Search */,
			);
			path = Screen;
			sourceTree = "<group>";
		};
		DDF293FB271E36C60024DB39 /* Custom */ = {
			isa = PBXGroup;
			children = (
				DDF293FC271E36DF0024DB39 /* HorizontalPaddedLabel.swift */,
			);
			path = Custom;
			sourceTree = "<group>";
		};
		DDF2940E271EAA330024DB39 /* Model */ = {
			isa = PBXGroup;
			children = (
				DDF2940F271EAA3F0024DB39 /* TvShowManager.swift */,
				DDF29411271EAA840024DB39 /* TvShow.swift */,
			);
			path = Model;
			sourceTree = "<group>";
		};
		DDF29413271EC4320024DB39 /* Search */ = {
			isa = PBXGroup;
			children = (
				DDF2941F271EC7A90024DB39 /* Xib */,
				DDF29415271EC44F0024DB39 /* Search.storyboard */,
				DDF29417271EC45C0024DB39 /* SearchViewController.swift */,
				DDF2941B271EC79E0024DB39 /* SearchResultTableViewCell.swift */,
			);
			path = Search;
			sourceTree = "<group>";
		};
		DDF29414271EC43D0024DB39 /* TrendMain */ = {
			isa = PBXGroup;
			children = (
				DDF293E4271E25200024DB39 /* TrendMain.storyboard */,
				DDF293F3271E26830024DB39 /* TrendMainViewController.swift */,
				DDF293F6271E2C080024DB39 /* TrendMainTableViewCell.swift */,
			);
			path = TrendMain;
			sourceTree = "<group>";
		};
		DDF2941F271EC7A90024DB39 /* Xib */ = {
			isa = PBXGroup;
			children = (
				DDF2941C271EC79E0024DB39 /* SearchResultTableViewCell.xib */,
			);
			path = Xib;
			sourceTree = "<group>";
		};
		DDF29420271ED4A80024DB39 /* Casting */ = {
			isa = PBXGroup;
			children = (
				DDF2942A271ED6540024DB39 /* Xib */,
				DDF29422271ED6200024DB39 /* Casting.storyboard */,
				DDF29424271ED6430024DB39 /* CastingTableViewCell.swift */,
				DDF2942B271EDCEA0024DB39 /* CastingViewController.swift */,
			);
			path = Casting;
			sourceTree = "<group>";
		};
		DDF29421271ED5D00024DB39 /* Global */ = {
			isa = PBXGroup;
			children = (
				DDF293FB271E36C60024DB39 /* Custom */,
				DDF2940E271EAA330024DB39 /* Model */,
			);
			path = Global;
			sourceTree = "<group>";
		};
		DDF2942A271ED6540024DB39 /* Xib */ = {
			isa = PBXGroup;
			children = (
				DDF29425271ED6430024DB39 /* CastingTableViewCell.xib */,
			);
			path = Xib;
			sourceTree = "<group>";
		};
/* End PBXGroup section */

/* Begin PBXNativeTarget section */
		DDF293DA271E25200024DB39 /* MediaTrend */ = {
			isa = PBXNativeTarget;
			buildConfigurationList = DDF293EF271E25210024DB39 /* Build configuration list for PBXNativeTarget "MediaTrend" */;
			buildPhases = (
				DDF293D7271E25200024DB39 /* Sources */,
				DDF293D8271E25200024DB39 /* Frameworks */,
				DDF293D9271E25200024DB39 /* Resources */,
			);
			buildRules = (
			);
			dependencies = (
			);
			name = MediaTrend;
			packageProductDependencies = (
				DDF29430271FDC1D0024DB39 /* Kingfisher */,
			);
			productName = MediaTrend;
			productReference = DDF293DB271E25200024DB39 /* MediaTrend.app */;
			productType = "com.apple.product-type.application";
		};
/* End PBXNativeTarget section */

/* Begin PBXProject section */
		DDF293D3271E25200024DB39 /* Project object */ = {
			isa = PBXProject;
			attributes = {
				LastSwiftUpdateCheck = 1250;
				LastUpgradeCheck = 1250;
				TargetAttributes = {
					DDF293DA271E25200024DB39 = {
						CreatedOnToolsVersion = 12.5;
					};
				};
			};
			buildConfigurationList = DDF293D6271E25200024DB39 /* Build configuration list for PBXProject "MediaTrend" */;
			compatibilityVersion = "Xcode 9.3";
			developmentRegion = en;
			hasScannedForEncodings = 0;
			knownRegions = (
				en,
				Base,
			);
			mainGroup = DDF293D2271E25200024DB39;
			packageReferences = (
				DDF2942F271FDC1D0024DB39 /* XCRemoteSwiftPackageReference "Kingfisher" */,
			);
			productRefGroup = DDF293DC271E25200024DB39 /* Products */;
			projectDirPath = "";
			projectRoot = "";
			targets = (
				DDF293DA271E25200024DB39 /* MediaTrend */,
			);
		};
/* End PBXProject section */

/* Begin PBXResourcesBuildPhase section */
		DDF293D9271E25200024DB39 /* Resources */ = {
			isa = PBXResourcesBuildPhase;
			buildActionMask = 2147483647;
			files = (
				DDF29423271ED6200024DB39 /* Casting.storyboard in Resources */,
				DDF293EB271E25210024DB39 /* LaunchScreen.storyboard in Resources */,
				DDF2941E271EC79E0024DB39 /* SearchResultTableViewCell.xib in Resources */,
				DDF293E8271E25210024DB39 /* Assets.xcassets in Resources */,
				DDF29416271EC44F0024DB39 /* Search.storyboard in Resources */,
				DDF29427271ED6430024DB39 /* CastingTableViewCell.xib in Resources */,
				DDF293E6271E25200024DB39 /* TrendMain.storyboard in Resources */,
			);
			runOnlyForDeploymentPostprocessing = 0;
		};
/* End PBXResourcesBuildPhase section */

/* Begin PBXSourcesBuildPhase section */
		DDF293D7271E25200024DB39 /* Sources */ = {
			isa = PBXSourcesBuildPhase;
			buildActionMask = 2147483647;
			files = (
				DDF293F7271E2C080024DB39 /* TrendMainTableViewCell.swift in Sources */,
				DDF29426271ED6430024DB39 /* CastingTableViewCell.swift in Sources */,
				DDF293FD271E36DF0024DB39 /* HorizontalPaddedLabel.swift in Sources */,
				DDF29418271EC45C0024DB39 /* SearchViewController.swift in Sources */,
				DDF2942C271EDCEA0024DB39 /* CastingViewController.swift in Sources */,
				DDF293DF271E25200024DB39 /* AppDelegate.swift in Sources */,
				DDF293F4271E26830024DB39 /* TrendMainViewController.swift in Sources */,
				DDF29410271EAA400024DB39 /* TvShowManager.swift in Sources */,
				DDF293E1271E25200024DB39 /* SceneDelegate.swift in Sources */,
				DDF29412271EAA840024DB39 /* TvShow.swift in Sources */,
				DDF2941D271EC79E0024DB39 /* SearchResultTableViewCell.swift in Sources */,
			);
			runOnlyForDeploymentPostprocessing = 0;
		};
/* End PBXSourcesBuildPhase section */

/* Begin PBXVariantGroup section */
		DDF293E4271E25200024DB39 /* TrendMain.storyboard */ = {
			isa = PBXVariantGroup;
			children = (
				DDF293E5271E25200024DB39 /* Base */,
			);
			name = TrendMain.storyboard;
			sourceTree = "<group>";
		};
		DDF293E9271E25210024DB39 /* LaunchScreen.storyboard */ = {
			isa = PBXVariantGroup;
			children = (
				DDF293EA271E25210024DB39 /* Base */,
			);
			name = LaunchScreen.storyboard;
			sourceTree = "<group>";
		};
/* End PBXVariantGroup section */

/* Begin XCBuildConfiguration section */
		DDF293ED271E25210024DB39 /* Debug */ = {
			isa = XCBuildConfiguration;
			buildSettings = {
				ALWAYS_SEARCH_USER_PATHS = NO;
				CLANG_ANALYZER_NONNULL = YES;
				CLANG_ANALYZER_NUMBER_OBJECT_CONVERSION = YES_AGGRESSIVE;
				CLANG_CXX_LANGUAGE_STANDARD = "gnu++14";
				CLANG_CXX_LIBRARY = "libc++";
				CLANG_ENABLE_MODULES = YES;
				CLANG_ENABLE_OBJC_ARC = YES;
				CLANG_ENABLE_OBJC_WEAK = YES;
				CLANG_WARN_BLOCK_CAPTURE_AUTORELEASING = YES;
				CLANG_WARN_BOOL_CONVERSION = YES;
				CLANG_WARN_COMMA = YES;
				CLANG_WARN_CONSTANT_CONVERSION = YES;
				CLANG_WARN_DEPRECATED_OBJC_IMPLEMENTATIONS = YES;
				CLANG_WARN_DIRECT_OBJC_ISA_USAGE = YES_ERROR;
				CLANG_WARN_DOCUMENTATION_COMMENTS = YES;
				CLANG_WARN_EMPTY_BODY = YES;
				CLANG_WARN_ENUM_CONVERSION = YES;
				CLANG_WARN_INFINITE_RECURSION = YES;
				CLANG_WARN_INT_CONVERSION = YES;
				CLANG_WARN_NON_LITERAL_NULL_CONVERSION = YES;
				CLANG_WARN_OBJC_IMPLICIT_RETAIN_SELF = YES;
				CLANG_WARN_OBJC_LITERAL_CONVERSION = YES;
				CLANG_WARN_OBJC_ROOT_CLASS = YES_ERROR;
				CLANG_WARN_QUOTED_INCLUDE_IN_FRAMEWORK_HEADER = YES;
				CLANG_WARN_RANGE_LOOP_ANALYSIS = YES;
				CLANG_WARN_STRICT_PROTOTYPES = YES;
				CLANG_WARN_SUSPICIOUS_MOVE = YES;
				CLANG_WARN_UNGUARDED_AVAILABILITY = YES_AGGRESSIVE;
				CLANG_WARN_UNREACHABLE_CODE = YES;
				CLANG_WARN__DUPLICATE_METHOD_MATCH = YES;
				COPY_PHASE_STRIP = NO;
				DEBUG_INFORMATION_FORMAT = dwarf;
				ENABLE_STRICT_OBJC_MSGSEND = YES;
				ENABLE_TESTABILITY = YES;
				GCC_C_LANGUAGE_STANDARD = gnu11;
				GCC_DYNAMIC_NO_PIC = NO;
				GCC_NO_COMMON_BLOCKS = YES;
				GCC_OPTIMIZATION_LEVEL = 0;
				GCC_PREPROCESSOR_DEFINITIONS = (
					"DEBUG=1",
					"$(inherited)",
				);
				GCC_WARN_64_TO_32_BIT_CONVERSION = YES;
				GCC_WARN_ABOUT_RETURN_TYPE = YES_ERROR;
				GCC_WARN_UNDECLARED_SELECTOR = YES;
				GCC_WARN_UNINITIALIZED_AUTOS = YES_AGGRESSIVE;
				GCC_WARN_UNUSED_FUNCTION = YES;
				GCC_WARN_UNUSED_VARIABLE = YES;
				IPHONEOS_DEPLOYMENT_TARGET = 14.5;
				MTL_ENABLE_DEBUG_INFO = INCLUDE_SOURCE;
				MTL_FAST_MATH = YES;
				ONLY_ACTIVE_ARCH = YES;
				SDKROOT = iphoneos;
				SWIFT_ACTIVE_COMPILATION_CONDITIONS = DEBUG;
				SWIFT_OPTIMIZATION_LEVEL = "-Onone";
			};
			name = Debug;
		};
		DDF293EE271E25210024DB39 /* Release */ = {
			isa = XCBuildConfiguration;
			buildSettings = {
				ALWAYS_SEARCH_USER_PATHS = NO;
				CLANG_ANALYZER_NONNULL = YES;
				CLANG_ANALYZER_NUMBER_OBJECT_CONVERSION = YES_AGGRESSIVE;
				CLANG_CXX_LANGUAGE_STANDARD = "gnu++14";
				CLANG_CXX_LIBRARY = "libc++";
				CLANG_ENABLE_MODULES = YES;
				CLANG_ENABLE_OBJC_ARC = YES;
				CLANG_ENABLE_OBJC_WEAK = YES;
				CLANG_WARN_BLOCK_CAPTURE_AUTORELEASING = YES;
				CLANG_WARN_BOOL_CONVERSION = YES;
				CLANG_WARN_COMMA = YES;
				CLANG_WARN_CONSTANT_CONVERSION = YES;
				CLANG_WARN_DEPRECATED_OBJC_IMPLEMENTATIONS = YES;
				CLANG_WARN_DIRECT_OBJC_ISA_USAGE = YES_ERROR;
				CLANG_WARN_DOCUMENTATION_COMMENTS = YES;
				CLANG_WARN_EMPTY_BODY = YES;
				CLANG_WARN_ENUM_CONVERSION = YES;
				CLANG_WARN_INFINITE_RECURSION = YES;
				CLANG_WARN_INT_CONVERSION = YES;
				CLANG_WARN_NON_LITERAL_NULL_CONVERSION = YES;
				CLANG_WARN_OBJC_IMPLICIT_RETAIN_SELF = YES;
				CLANG_WARN_OBJC_LITERAL_CONVERSION = YES;
				CLANG_WARN_OBJC_ROOT_CLASS = YES_ERROR;
				CLANG_WARN_QUOTED_INCLUDE_IN_FRAMEWORK_HEADER = YES;
				CLANG_WARN_RANGE_LOOP_ANALYSIS = YES;
				CLANG_WARN_STRICT_PROTOTYPES = YES;
				CLANG_WARN_SUSPICIOUS_MOVE = YES;
				CLANG_WARN_UNGUARDED_AVAILABILITY = YES_AGGRESSIVE;
				CLANG_WARN_UNREACHABLE_CODE = YES;
				CLANG_WARN__DUPLICATE_METHOD_MATCH = YES;
				COPY_PHASE_STRIP = NO;
				DEBUG_INFORMATION_FORMAT = "dwarf-with-dsym";
				ENABLE_NS_ASSERTIONS = NO;
				ENABLE_STRICT_OBJC_MSGSEND = YES;
				GCC_C_LANGUAGE_STANDARD = gnu11;
				GCC_NO_COMMON_BLOCKS = YES;
				GCC_WARN_64_TO_32_BIT_CONVERSION = YES;
				GCC_WARN_ABOUT_RETURN_TYPE = YES_ERROR;
				GCC_WARN_UNDECLARED_SELECTOR = YES;
				GCC_WARN_UNINITIALIZED_AUTOS = YES_AGGRESSIVE;
				GCC_WARN_UNUSED_FUNCTION = YES;
				GCC_WARN_UNUSED_VARIABLE = YES;
				IPHONEOS_DEPLOYMENT_TARGET = 14.5;
				MTL_ENABLE_DEBUG_INFO = NO;
				MTL_FAST_MATH = YES;
				SDKROOT = iphoneos;
				SWIFT_COMPILATION_MODE = wholemodule;
				SWIFT_OPTIMIZATION_LEVEL = "-O";
				VALIDATE_PRODUCT = YES;
			};
			name = Release;
		};
		DDF293F0271E25210024DB39 /* Debug */ = {
			isa = XCBuildConfiguration;
			buildSettings = {
				ASSETCATALOG_COMPILER_APPICON_NAME = AppIcon;
				ASSETCATALOG_COMPILER_GLOBAL_ACCENT_COLOR_NAME = AccentColor;
				CODE_SIGN_STYLE = Automatic;
				DEVELOPMENT_TEAM = WL7H63J22B;
				INFOPLIST_FILE = MediaTrend/Support/Info.plist;
				IPHONEOS_DEPLOYMENT_TARGET = 13.0;
				LD_RUNPATH_SEARCH_PATHS = (
					"$(inherited)",
					"@executable_path/Frameworks",
				);
				PRODUCT_BUNDLE_IDENTIFIER = net.woozzang.MediaTrend;
				PRODUCT_NAME = "$(TARGET_NAME)";
				SWIFT_VERSION = 5.0;
				TARGETED_DEVICE_FAMILY = 1;
			};
			name = Debug;
		};
		DDF293F1271E25210024DB39 /* Release */ = {
			isa = XCBuildConfiguration;
			buildSettings = {
				ASSETCATALOG_COMPILER_APPICON_NAME = AppIcon;
				ASSETCATALOG_COMPILER_GLOBAL_ACCENT_COLOR_NAME = AccentColor;
				CODE_SIGN_STYLE = Automatic;
				DEVELOPMENT_TEAM = WL7H63J22B;
				INFOPLIST_FILE = MediaTrend/Support/Info.plist;
				IPHONEOS_DEPLOYMENT_TARGET = 13.0;
				LD_RUNPATH_SEARCH_PATHS = (
					"$(inherited)",
					"@executable_path/Frameworks",
				);
				PRODUCT_BUNDLE_IDENTIFIER = net.woozzang.MediaTrend;
				PRODUCT_NAME = "$(TARGET_NAME)";
				SWIFT_VERSION = 5.0;
				TARGETED_DEVICE_FAMILY = 1;
			};
			name = Release;
		};
/* End XCBuildConfiguration section */

/* Begin XCConfigurationList section */
		DDF293D6271E25200024DB39 /* Build configuration list for PBXProject "MediaTrend" */ = {
			isa = XCConfigurationList;
			buildConfigurations = (
				DDF293ED271E25210024DB39 /* Debug */,
				DDF293EE271E25210024DB39 /* Release */,
			);
			defaultConfigurationIsVisible = 0;
			defaultConfigurationName = Release;
		};
		DDF293EF271E25210024DB39 /* Build configuration list for PBXNativeTarget "MediaTrend" */ = {
			isa = XCConfigurationList;
			buildConfigurations = (
				DDF293F0271E25210024DB39 /* Debug */,
				DDF293F1271E25210024DB39 /* Release */,
			);
			defaultConfigurationIsVisible = 0;
			defaultConfigurationName = Release;
		};
/* End XCConfigurationList section */

/* Begin XCRemoteSwiftPackageReference section */
		DDF2942F271FDC1D0024DB39 /* XCRemoteSwiftPackageReference "Kingfisher" */ = {
			isa = XCRemoteSwiftPackageReference;
			repositoryURL = "git@github.com:onevcat/Kingfisher.git";
			requirement = {
				kind = upToNextMajorVersion;
				minimumVersion = 7.1.1;
			};
		};
/* End XCRemoteSwiftPackageReference section */

/* Begin XCSwiftPackageProductDependency section */
		DDF29430271FDC1D0024DB39 /* Kingfisher */ = {
			isa = XCSwiftPackageProductDependency;
			package = DDF2942F271FDC1D0024DB39 /* XCRemoteSwiftPackageReference "Kingfisher" */;
			productName = Kingfisher;
		};
/* End XCSwiftPackageProductDependency section */
	};
	rootObject = DDF293D3271E25200024DB39 /* Project object */;
}
